
Microsoft Visual Studio Solution File, Format Version 12.00
# Visual Studio Version 17
VisualStudioVersion = 17.6.33712.159
MinimumVisualStudioVersion = 10.0.40219.1
Project("{9A19103F-16F7-4668-BE54-9A1E7A4F7556}") = "ModbusBackend", "ModbusBackend.csproj", "{0D9C2143-7506-4A5E-86C8-7BD0AF402BE6}"
EndProject
Global
	GlobalSection(SolutionConfigurationPlatforms) = preSolution
		Debug|Any CPU = Debug|Any CPU
		Release|Any CPU = Release|Any CPU
	EndGlobalSection
	GlobalSection(ProjectConfigurationPlatforms) = postSolution
		{0D9C2143-7506-4A5E-86C8-7BD0AF402BE6}.Debug|Any CPU.ActiveCfg = Debug|Any CPU
		{0D9C2143-7506-4A5E-86C8-7BD0AF402BE6}.Debug|Any CPU.Build.0 = Debug|Any CPU
		{0D9C2143-7506-4A5E-86C8-7BD0AF402BE6}.Release|Any CPU.ActiveCfg = Release|Any CPU
		{0D9C2143-7506-4A5E-86C8-7BD0AF402BE6}.Release|Any CPU.Build.0 = Release|Any CPU
	EndGlobalSection
	GlobalSection(SolutionProperties) = preSolution
		HideSolutionNode = FALSE
	EndGlobalSection
	GlobalSection(ExtensibilityGlobals) = postSolution
		SolutionGuid = {8EA33887-E2CB-47B3-9076-19E8EBA5BBD7}
	EndGlobalSection
EndGlobal
